
Microsoft Visual Studio Solution File, Format Version 12.00
# Visual Studio Version 16
VisualStudioVersion = 16.0.810.16
MinimumVisualStudioVersion = 10.0.40219.1
Project("{FAE04EC0-301F-11D3-BF4B-00C04F79EFBC}") = "Lesson_7Task3", "Lesson_7Task3\Lesson_7Task3.csproj", "{BA239994-5704-4860-9242-02879287BAD4}"
EndProject
Global
	GlobalSection(SolutionConfigurationPlatforms) = preSolution
		Debug|Any CPU = Debug|Any CPU
		Release|Any CPU = Release|Any CPU
	EndGlobalSection
	GlobalSection(ProjectConfigurationPlatforms) = postSolution
		{BA239994-5704-4860-9242-02879287BAD4}.Debug|Any CPU.ActiveCfg = Debug|Any CPU
		{BA239994-5704-4860-9242-02879287BAD4}.Debug|Any CPU.Build.0 = Debug|Any CPU
		{BA239994-5704-4860-9242-02879287BAD4}.Release|Any CPU.ActiveCfg = Release|Any CPU
		{BA239994-5704-4860-9242-02879287BAD4}.Release|Any CPU.Build.0 = Release|Any CPU
	EndGlobalSection
	GlobalSection(SolutionProperties) = preSolution
		HideSolutionNode = FALSE
	EndGlobalSection
	GlobalSection(ExtensibilityGlobals) = postSolution
		SolutionGuid = {457C9A7A-BF93-40E0-927D-44C5429EE490}
	EndGlobalSection
EndGlobal
